PODS:
  - AWSCognito (2.4.3):
    - AWSCore (= 2.4.3)
  - AWSCore (2.4.3)
  - AWSDynamoDB (2.4.3):
    - AWSCore (= 2.4.3)
  - AWSIoT (2.4.3):
    - AWSCore (= 2.4.3)
  - AWSLambda (2.4.3):
    - AWSCore (= 2.4.3)
  - BluetoothKit (0.3.0)
  - Hashids-Swift (0.3.0)
  - RNCryptor (4.0.0)
  - SwCrypt (3.0)

DEPENDENCIES:
  - AWSCognito
  - AWSDynamoDB
  - AWSIoT
  - AWSLambda
  - BluetoothKit (~> 0.3.0)
  - Hashids-Swift (~> 0.3.0)
  - RNCryptor (~> 4.0.0)
  - SwCrypt (from `https://github.com/sinbadflyce/SwCrypt.git`)

EXTERNAL SOURCES:
  SwCrypt:
    :git: https://github.com/sinbadflyce/SwCrypt.git

CHECKOUT OPTIONS:
  SwCrypt:
    :commit: c5d8f1da4afaa230441e61be6f7958096463a4df
    :git: https://github.com/sinbadflyce/SwCrypt.git

SPEC CHECKSUMS:
  AWSCognito: 9a83fcecccd8b9efaa82fec7722ee2a4c723b0fe
  AWSCore: 1b1edbf65f948804c9d522f1c49e29f51f72c6d8
  AWSDynamoDB: 50d4c3abc823f93b0cdc16ca5041996b9294d057
  AWSIoT: 8eac54afd626141ec2ae17f3002b8ea6889d8ee0
  AWSLambda: 26951192989fc68625134e4d856e23fede7cd755
  BluetoothKit: 23c4e2ef6a0beeda7e50647b0eb3496f40d90ad2
  Hashids-Swift: 5d7c069b0d4a3b70d4e2a840c420115dd517050d
  RNCryptor: 59d6483908115af5c12b884db23392024e52a5fe
  SwCrypt: ece93a2c138d1d1c754b0462e56f7294b7cac529

PODFILE CHECKSUM: 71939fdb0652ea3d2f1e0a847c85b9e2e7ad0137

COCOAPODS: 1.0.1
