// !$*UTF8*$!
{
	archiveVersion = 1;
	classes = {
	};
	objectVersion = 46;
	objects = {

/* Begin PBXBuildFile section */
		7C7BD557DB773F379EBD9861 /* Pods_HeilambClient.framework in Frameworks */ = {isa = PBXBuildFile; fileRef = 111EA566AAF7AACABDFB3525 /* Pods_HeilambClient.framework */; settings = {ATTRIBUTES = (Weak, ); }; };
		E537F4DD1CE4CD3200775DEF /* json.swift in Sources */ = {isa = PBXBuildFile; fileRef = E537F4DC1CE4CD3200775DEF /* json.swift */; };
		E5479E7D1CEC5E45008F5A76 /* HLContactViewController.swift in Sources */ = {isa = PBXBuildFile; fileRef = E5479E7C1CEC5E45008F5A76 /* HLContactViewController.swift */; };
		E55D470D1CFBEC4100178074 /* DyContact.swift in Sources */ = {isa = PBXBuildFile; fileRef = E55D470C1CFBEC4100178074 /* DyContact.swift */; };
		E55D470F1CFBEE5800178074 /* DyMessage.swift in Sources */ = {isa = PBXBuildFile; fileRef = E55D470E1CFBEE5800178074 /* DyMessage.swift */; };
		E564B9DF1CF6A68600486517 /* DyUser.swift in Sources */ = {isa = PBXBuildFile; fileRef = E564B9DE1CF6A68600486517 /* DyUser.swift */; };
		E564B9E11CF70E3800486517 /* HLDynamoDBManager.swift in Sources */ = {isa = PBXBuildFile; fileRef = E564B9E01CF70E3800486517 /* HLDynamoDBManager.swift */; };
		E5659F1B1CE313510071CD8A /* AppDelegate.swift in Sources */ = {isa = PBXBuildFile; fileRef = E5659F1A1CE313510071CD8A /* AppDelegate.swift */; };
		E5659F1D1CE313510071CD8A /* HLLoginViewController.swift in Sources */ = {isa = PBXBuildFile; fileRef = E5659F1C1CE313510071CD8A /* HLLoginViewController.swift */; };
		E5659F201CE313510071CD8A /* Main.storyboard in Resources */ = {isa = PBXBuildFile; fileRef = E5659F1E1CE313510071CD8A /* Main.storyboard */; };
		E5659F221CE313510071CD8A /* Assets.xcassets in Resources */ = {isa = PBXBuildFile; fileRef = E5659F211CE313510071CD8A /* Assets.xcassets */; };
		E5659F251CE313510071CD8A /* LaunchScreen.storyboard in Resources */ = {isa = PBXBuildFile; fileRef = E5659F231CE313510071CD8A /* LaunchScreen.storyboard */; };
		E5B4E2441CEC145300BE9E50 /* HLMessagePackage.swift in Sources */ = {isa = PBXBuildFile; fileRef = E5B4E2431CEC145300BE9E50 /* HLMessagePackage.swift */; };
		E5B4E2461CEC146E00BE9E50 /* HLConnectionManager.swift in Sources */ = {isa = PBXBuildFile; fileRef = E5B4E2451CEC146E00BE9E50 /* HLConnectionManager.swift */; };
		E5B4E2481CEC165A00BE9E50 /* HLUser.swift in Sources */ = {isa = PBXBuildFile; fileRef = E5B4E2471CEC165A00BE9E50 /* HLUser.swift */; };
		E5B4E25D1CEC46C900BE9E50 /* HLUltils.swift in Sources */ = {isa = PBXBuildFile; fileRef = E5B4E25C1CEC46C900BE9E50 /* HLUltils.swift */; };
		E5DB11FC1CF5835B0079D1B5 /* HLSignupViewController.swift in Sources */ = {isa = PBXBuildFile; fileRef = E5DB11FB1CF5835B0079D1B5 /* HLSignupViewController.swift */; };
		E5F98EC61CE490F300056341 /* LGSimpleChat.swift in Sources */ = {isa = PBXBuildFile; fileRef = E5F98EC51CE490F300056341 /* LGSimpleChat.swift */; };
		E5F98EC81CE4919400056341 /* awsiot-identity.p12 in Resources */ = {isa = PBXBuildFile; fileRef = E5F98EC71CE4919400056341 /* awsiot-identity.p12 */; };
		E5F98ECC1CE492D900056341 /* HLConstants.swift in Sources */ = {isa = PBXBuildFile; fileRef = E5F98ECB1CE492D900056341 /* HLConstants.swift */; };
/* End PBXBuildFile section */

/* Begin PBXFileReference section */
		111EA566AAF7AACABDFB3525 /* Pods_HeilambClient.framework */ = {isa = PBXFileReference; explicitFileType = wrapper.framework; includeInIndex = 0; path = Pods_HeilambClient.framework; sourceTree = BUILT_PRODUCTS_DIR; };
		399FC55DD6091F06726DDF97 /* Pods-HeilambClient.debug.xcconfig */ = {isa = PBXFileReference; includeInIndex = 1; lastKnownFileType = text.xcconfig; name = "Pods-HeilambClient.debug.xcconfig"; path = "Pods/Target Support Files/Pods-HeilambClient/Pods-HeilambClient.debug.xcconfig"; sourceTree = "<group>"; };
		7AA03D05CE7CF064222FEAAA /* Pods-HeilambClient.release.xcconfig */ = {isa = PBXFileReference; includeInIndex = 1; lastKnownFileType = text.xcconfig; name = "Pods-HeilambClient.release.xcconfig"; path = "Pods/Target Support Files/Pods-HeilambClient/Pods-HeilambClient.release.xcconfig"; sourceTree = "<group>"; };
		E537F4DC1CE4CD3200775DEF /* json.swift */ = {isa = PBXFileReference; fileEncoding = 4; lastKnownFileType = sourcecode.swift; path = json.swift; sourceTree = "<group>"; };
		E5479E7C1CEC5E45008F5A76 /* HLContactViewController.swift */ = {isa = PBXFileReference; fileEncoding = 4; lastKnownFileType = sourcecode.swift; path = HLContactViewController.swift; sourceTree = "<group>"; };
		E55D470C1CFBEC4100178074 /* DyContact.swift */ = {isa = PBXFileReference; fileEncoding = 4; lastKnownFileType = sourcecode.swift; path = DyContact.swift; sourceTree = "<group>"; };
		E55D470E1CFBEE5800178074 /* DyMessage.swift */ = {isa = PBXFileReference; fileEncoding = 4; lastKnownFileType = sourcecode.swift; path = DyMessage.swift; sourceTree = "<group>"; };
		E564B9DE1CF6A68600486517 /* DyUser.swift */ = {isa = PBXFileReference; fileEncoding = 4; lastKnownFileType = sourcecode.swift; path = DyUser.swift; sourceTree = "<group>"; };
		E564B9E01CF70E3800486517 /* HLDynamoDBManager.swift */ = {isa = PBXFileReference; fileEncoding = 4; lastKnownFileType = sourcecode.swift; path = HLDynamoDBManager.swift; sourceTree = "<group>"; };
		E5659F171CE313510071CD8A /* HeilambClient.app */ = {isa = PBXFileReference; explicitFileType = wrapper.application; includeInIndex = 0; path = HeilambClient.app; sourceTree = BUILT_PRODUCTS_DIR; };
		E5659F1A1CE313510071CD8A /* AppDelegate.swift */ = {isa = PBXFileReference; lastKnownFileType = sourcecode.swift; path = AppDelegate.swift; sourceTree = "<group>"; };
		E5659F1C1CE313510071CD8A /* HLLoginViewController.swift */ = {isa = PBXFileReference; lastKnownFileType = sourcecode.swift; path = HLLoginViewController.swift; sourceTree = "<group>"; };
		E5659F1F1CE313510071CD8A /* Base */ = {isa = PBXFileReference; lastKnownFileType = file.storyboard; name = Base; path = Base.lproj/Main.storyboard; sourceTree = "<group>"; };
		E5659F211CE313510071CD8A /* Assets.xcassets */ = {isa = PBXFileReference; lastKnownFileType = folder.assetcatalog; path = Assets.xcassets; sourceTree = "<group>"; };
		E5659F241CE313510071CD8A /* Base */ = {isa = PBXFileReference; lastKnownFileType = file.storyboard; name = Base; path = Base.lproj/LaunchScreen.storyboard; sourceTree = "<group>"; };
		E5659F261CE313510071CD8A /* Info.plist */ = {isa = PBXFileReference; lastKnownFileType = text.plist.xml; path = Info.plist; sourceTree = "<group>"; };
		E5B4E2431CEC145300BE9E50 /* HLMessagePackage.swift */ = {isa = PBXFileReference; fileEncoding = 4; lastKnownFileType = sourcecode.swift; path = HLMessagePackage.swift; sourceTree = "<group>"; };
		E5B4E2451CEC146E00BE9E50 /* HLConnectionManager.swift */ = {isa = PBXFileReference; fileEncoding = 4; lastKnownFileType = sourcecode.swift; path = HLConnectionManager.swift; sourceTree = "<group>"; };
		E5B4E2471CEC165A00BE9E50 /* HLUser.swift */ = {isa = PBXFileReference; fileEncoding = 4; lastKnownFileType = sourcecode.swift; path = HLUser.swift; sourceTree = "<group>"; };
		E5B4E25C1CEC46C900BE9E50 /* HLUltils.swift */ = {isa = PBXFileReference; fileEncoding = 4; lastKnownFileType = sourcecode.swift; path = HLUltils.swift; sourceTree = "<group>"; };
		E5DB11FB1CF5835B0079D1B5 /* HLSignupViewController.swift */ = {isa = PBXFileReference; fileEncoding = 4; lastKnownFileType = sourcecode.swift; path = HLSignupViewController.swift; sourceTree = "<group>"; };
		E5F98EC51CE490F300056341 /* LGSimpleChat.swift */ = {isa = PBXFileReference; fileEncoding = 4; lastKnownFileType = sourcecode.swift; path = LGSimpleChat.swift; sourceTree = "<group>"; };
		E5F98EC71CE4919400056341 /* awsiot-identity.p12 */ = {isa = PBXFileReference; lastKnownFileType = file; path = "awsiot-identity.p12"; sourceTree = "<group>"; };
		E5F98ECB1CE492D900056341 /* HLConstants.swift */ = {isa = PBXFileReference; fileEncoding = 4; lastKnownFileType = sourcecode.swift; path = HLConstants.swift; sourceTree = "<group>"; };
/* End PBXFileReference section */

/* Begin PBXFrameworksBuildPhase section */
		E5659F141CE313510071CD8A /* Frameworks */ = {
			isa = PBXFrameworksBuildPhase;
			buildActionMask = 2147483647;
			files = (
				7C7BD557DB773F379EBD9861 /* Pods_HeilambClient.framework in Frameworks */,
			);
			runOnlyForDeploymentPostprocessing = 0;
		};
/* End PBXFrameworksBuildPhase section */

/* Begin PBXGroup section */
		24D1A3C145EA3A38C9AC33E3 /* Pods */ = {
			isa = PBXGroup;
			children = (
				399FC55DD6091F06726DDF97 /* Pods-HeilambClient.debug.xcconfig */,
				7AA03D05CE7CF064222FEAAA /* Pods-HeilambClient.release.xcconfig */,
			);
			name = Pods;
			sourceTree = "<group>";
		};
		C16F18E4FA294F742063D808 /* Frameworks */ = {
			isa = PBXGroup;
			children = (
				111EA566AAF7AACABDFB3525 /* Pods_HeilambClient.framework */,
			);
			name = Frameworks;
			sourceTree = "<group>";
		};
		E52FB7D91CF0AFAF002A6EBB /* DyDB */ = {
			isa = PBXGroup;
			children = (
				E564B9DE1CF6A68600486517 /* DyUser.swift */,
				E55D470C1CFBEC4100178074 /* DyContact.swift */,
				E55D470E1CFBEE5800178074 /* DyMessage.swift */,
			);
			name = DyDB;
			sourceTree = "<group>";
		};
		E5479E7E1CEC5E50008F5A76 /* Controllers */ = {
			isa = PBXGroup;
			children = (
				E5659F1C1CE313510071CD8A /* HLLoginViewController.swift */,
				E5DB11FB1CF5835B0079D1B5 /* HLSignupViewController.swift */,
				E5479E7C1CEC5E45008F5A76 /* HLContactViewController.swift */,
			);
			name = Controllers;
			sourceTree = "<group>";
		};
		E5479E7F1CEC5E5A008F5A76 /* SMS */ = {
			isa = PBXGroup;
			children = (
				E5F98ECB1CE492D900056341 /* HLConstants.swift */,
				E5B4E2471CEC165A00BE9E50 /* HLUser.swift */,
				E5B4E25C1CEC46C900BE9E50 /* HLUltils.swift */,
				E5B4E2431CEC145300BE9E50 /* HLMessagePackage.swift */,
				E5B4E2451CEC146E00BE9E50 /* HLConnectionManager.swift */,
				E564B9E01CF70E3800486517 /* HLDynamoDBManager.swift */,
			);
			name = SMS;
			sourceTree = "<group>";
		};
		E5659F0E1CE313510071CD8A = {
			isa = PBXGroup;
			children = (
				E5F98EC41CE490CF00056341 /* Others */,
				E5659F191CE313510071CD8A /* HeilambClient */,
				E5659F181CE313510071CD8A /* Products */,
				24D1A3C145EA3A38C9AC33E3 /* Pods */,
				C16F18E4FA294F742063D808 /* Frameworks */,
			);
			sourceTree = "<group>";
		};
		E5659F181CE313510071CD8A /* Products */ = {
			isa = PBXGroup;
			children = (
				E5659F171CE313510071CD8A /* HeilambClient.app */,
			);
			name = Products;
			sourceTree = "<group>";
		};
		E5659F191CE313510071CD8A /* HeilambClient */ = {
			isa = PBXGroup;
			children = (
				E52FB7D91CF0AFAF002A6EBB /* DyDB */,
				E5479E7F1CEC5E5A008F5A76 /* SMS */,
				E5479E7E1CEC5E50008F5A76 /* Controllers */,
				E5659F1A1CE313510071CD8A /* AppDelegate.swift */,
				E5659F1E1CE313510071CD8A /* Main.storyboard */,
				E5659F211CE313510071CD8A /* Assets.xcassets */,
				E5659F231CE313510071CD8A /* LaunchScreen.storyboard */,
				E5F98EC71CE4919400056341 /* awsiot-identity.p12 */,
				E5659F261CE313510071CD8A /* Info.plist */,
			);
			path = HeilambClient;
			sourceTree = "<group>";
		};
		E5F98EC41CE490CF00056341 /* Others */ = {
			isa = PBXGroup;
			children = (
				E537F4DC1CE4CD3200775DEF /* json.swift */,
				E5F98EC51CE490F300056341 /* LGSimpleChat.swift */,
			);
			path = Others;
			sourceTree = "<group>";
		};
/* End PBXGroup section */

/* Begin PBXNativeTarget section */
		E5659F161CE313510071CD8A /* HeilambClient */ = {
			isa = PBXNativeTarget;
			buildConfigurationList = E5659F291CE313510071CD8A /* Build configuration list for PBXNativeTarget "HeilambClient" */;
			buildPhases = (
				429982B2AC8B1482D41224A6 /* Check Pods Manifest.lock */,
				E5659F131CE313510071CD8A /* Sources */,
				E5659F141CE313510071CD8A /* Frameworks */,
				E5659F151CE313510071CD8A /* Resources */,
				6180267E655AD73397F5B194 /* Embed Pods Frameworks */,
				CEF5318A5EE556239CB28933 /* Copy Pods Resources */,
			);
			buildRules = (
			);
			dependencies = (
			);
			name = HeilambClient;
			productName = HeilambClient;
			productReference = E5659F171CE313510071CD8A /* HeilambClient.app */;
			productType = "com.apple.product-type.application";
		};
/* End PBXNativeTarget section */

/* Begin PBXProject section */
		E5659F0F1CE313510071CD8A /* Project object */ = {
			isa = PBXProject;
			attributes = {
				LastSwiftUpdateCheck = 0730;
				LastUpgradeCheck = 0730;
				ORGANIZATIONNAME = YusufX;
				TargetAttributes = {
					E5659F161CE313510071CD8A = {
						CreatedOnToolsVersion = 7.3;
					};
				};
			};
			buildConfigurationList = E5659F121CE313510071CD8A /* Build configuration list for PBXProject "HeilambClient" */;
			compatibilityVersion = "Xcode 3.2";
			developmentRegion = English;
			hasScannedForEncodings = 0;
			knownRegions = (
				en,
				Base,
			);
			mainGroup = E5659F0E1CE313510071CD8A;
			productRefGroup = E5659F181CE313510071CD8A /* Products */;
			projectDirPath = "";
			projectRoot = "";
			targets = (
				E5659F161CE313510071CD8A /* HeilambClient */,
			);
		};
/* End PBXProject section */

/* Begin PBXResourcesBuildPhase section */
		E5659F151CE313510071CD8A /* Resources */ = {
			isa = PBXResourcesBuildPhase;
			buildActionMask = 2147483647;
			files = (
				E5659F251CE313510071CD8A /* LaunchScreen.storyboard in Resources */,
				E5659F221CE313510071CD8A /* Assets.xcassets in Resources */,
				E5F98EC81CE4919400056341 /* awsiot-identity.p12 in Resources */,
				E5659F201CE313510071CD8A /* Main.storyboard in Resources */,
			);
			runOnlyForDeploymentPostprocessing = 0;
		};
/* End PBXResourcesBuildPhase section */

/* Begin PBXShellScriptBuildPhase section */
		429982B2AC8B1482D41224A6 /* Check Pods Manifest.lock */ = {
			isa = PBXShellScriptBuildPhase;
			buildActionMask = 2147483647;
			files = (
			);
			inputPaths = (
			);
			name = "Check Pods Manifest.lock";
			outputPaths = (
			);
			runOnlyForDeploymentPostprocessing = 0;
			shellPath = /bin/sh;
			shellScript = "diff \"${PODS_ROOT}/../Podfile.lock\" \"${PODS_ROOT}/Manifest.lock\" > /dev/null\nif [[ $? != 0 ]] ; then\n    cat << EOM\nerror: The sandbox is not in sync with the Podfile.lock. Run 'pod install' or update your CocoaPods installation.\nEOM\n    exit 1\nfi\n";
			showEnvVarsInLog = 0;
		};
		6180267E655AD73397F5B194 /* Embed Pods Frameworks */ = {
			isa = PBXShellScriptBuildPhase;
			buildActionMask = 2147483647;
			files = (
			);
			inputPaths = (
			);
			name = "Embed Pods Frameworks";
			outputPaths = (
			);
			runOnlyForDeploymentPostprocessing = 0;
			shellPath = /bin/sh;
			shellScript = "\"${SRCROOT}/Pods/Target Support Files/Pods-HeilambClient/Pods-HeilambClient-frameworks.sh\"\n";
			showEnvVarsInLog = 0;
		};
		CEF5318A5EE556239CB28933 /* Copy Pods Resources */ = {
			isa = PBXShellScriptBuildPhase;
			buildActionMask = 2147483647;
			files = (
			);
			inputPaths = (
			);
			name = "Copy Pods Resources";
			outputPaths = (
			);
			runOnlyForDeploymentPostprocessing = 0;
			shellPath = /bin/sh;
			shellScript = "\"${SRCROOT}/Pods/Target Support Files/Pods-HeilambClient/Pods-HeilambClient-resources.sh\"\n";
			showEnvVarsInLog = 0;
		};
/* End PBXShellScriptBuildPhase section */

/* Begin PBXSourcesBuildPhase section */
		E5659F131CE313510071CD8A /* Sources */ = {
			isa = PBXSourcesBuildPhase;
			buildActionMask = 2147483647;
			files = (
				E564B9E11CF70E3800486517 /* HLDynamoDBManager.swift in Sources */,
				E5B4E2441CEC145300BE9E50 /* HLMessagePackage.swift in Sources */,
				E5F98ECC1CE492D900056341 /* HLConstants.swift in Sources */,
				E5B4E25D1CEC46C900BE9E50 /* HLUltils.swift in Sources */,
				E5479E7D1CEC5E45008F5A76 /* HLContactViewController.swift in Sources */,
				E5B4E2481CEC165A00BE9E50 /* HLUser.swift in Sources */,
				E5659F1D1CE313510071CD8A /* HLLoginViewController.swift in Sources */,
				E55D470F1CFBEE5800178074 /* DyMessage.swift in Sources */,
				E5DB11FC1CF5835B0079D1B5 /* HLSignupViewController.swift in Sources */,
				E564B9DF1CF6A68600486517 /* DyUser.swift in Sources */,
				E5B4E2461CEC146E00BE9E50 /* HLConnectionManager.swift in Sources */,
				E537F4DD1CE4CD3200775DEF /* json.swift in Sources */,
				E5F98EC61CE490F300056341 /* LGSimpleChat.swift in Sources */,
				E5659F1B1CE313510071CD8A /* AppDelegate.swift in Sources */,
				E55D470D1CFBEC4100178074 /* DyContact.swift in Sources */,
			);
			runOnlyForDeploymentPostprocessing = 0;
		};
/* End PBXSourcesBuildPhase section */

/* Begin PBXVariantGroup section */
		E5659F1E1CE313510071CD8A /* Main.storyboard */ = {
			isa = PBXVariantGroup;
			children = (
				E5659F1F1CE313510071CD8A /* Base */,
			);
			name = Main.storyboard;
			sourceTree = "<group>";
		};
		E5659F231CE313510071CD8A /* LaunchScreen.storyboard */ = {
			isa = PBXVariantGroup;
			children = (
				E5659F241CE313510071CD8A /* Base */,
			);
			name = LaunchScreen.storyboard;
			sourceTree = "<group>";
		};
/* End PBXVariantGroup section */

/* Begin XCBuildConfiguration section */
		E5659F271CE313510071CD8A /* Debug */ = {
			isa = XCBuildConfiguration;
			buildSettings = {
				ALWAYS_SEARCH_USER_PATHS = NO;
				CLANG_ANALYZER_NONNULL = YES;
				CLANG_CXX_LANGUAGE_STANDARD = "gnu++0x";
				CLANG_CXX_LIBRARY = "libc++";
				CLANG_ENABLE_MODULES = YES;
				CLANG_ENABLE_OBJC_ARC = YES;
				CLANG_WARN_BOOL_CONVERSION = YES;
				CLANG_WARN_CONSTANT_CONVERSION = YES;
				CLANG_WARN_DIRECT_OBJC_ISA_USAGE = YES_ERROR;
				CLANG_WARN_EMPTY_BODY = YES;
				CLANG_WARN_ENUM_CONVERSION = YES;
				CLANG_WARN_INT_CONVERSION = YES;
				CLANG_WARN_OBJC_ROOT_CLASS = YES_ERROR;
				CLANG_WARN_UNREACHABLE_CODE = YES;
				CLANG_WARN__DUPLICATE_METHOD_MATCH = YES;
				"CODE_SIGN_IDENTITY[sdk=iphoneos*]" = "iPhone Developer";
				COPY_PHASE_STRIP = NO;
				DEBUG_INFORMATION_FORMAT = dwarf;
				ENABLE_STRICT_OBJC_MSGSEND = YES;
				ENABLE_TESTABILITY = YES;
				GCC_C_LANGUAGE_STANDARD = gnu99;
				GCC_DYNAMIC_NO_PIC = NO;
				GCC_NO_COMMON_BLOCKS = YES;
				GCC_OPTIMIZATION_LEVEL = 0;
				GCC_PREPROCESSOR_DEFINITIONS = (
					"DEBUG=1",
					"$(inherited)",
				);
				GCC_WARN_64_TO_32_BIT_CONVERSION = YES;
				GCC_WARN_ABOUT_RETURN_TYPE = YES_ERROR;
				GCC_WARN_UNDECLARED_SELECTOR = YES;
				GCC_WARN_UNINITIALIZED_AUTOS = YES_AGGRESSIVE;
				GCC_WARN_UNUSED_FUNCTION = YES;
				GCC_WARN_UNUSED_VARIABLE = YES;
				IPHONEOS_DEPLOYMENT_TARGET = 9.3;
				MTL_ENABLE_DEBUG_INFO = YES;
				ONLY_ACTIVE_ARCH = YES;
				SDKROOT = iphoneos;
				SWIFT_OPTIMIZATION_LEVEL = "-Onone";
			};
			name = Debug;
		};
		E5659F281CE313510071CD8A /* Release */ = {
			isa = XCBuildConfiguration;
			buildSettings = {
				ALWAYS_SEARCH_USER_PATHS = NO;
				CLANG_ANALYZER_NONNULL = YES;
				CLANG_CXX_LANGUAGE_STANDARD = "gnu++0x";
				CLANG_CXX_LIBRARY = "libc++";
				CLANG_ENABLE_MODULES = YES;
				CLANG_ENABLE_OBJC_ARC = YES;
				CLANG_WARN_BOOL_CONVERSION = YES;
				CLANG_WARN_CONSTANT_CONVERSION = YES;
				CLANG_WARN_DIRECT_OBJC_ISA_USAGE = YES_ERROR;
				CLANG_WARN_EMPTY_BODY = YES;
				CLANG_WARN_ENUM_CONVERSION = YES;
				CLANG_WARN_INT_CONVERSION = YES;
				CLANG_WARN_OBJC_ROOT_CLASS = YES_ERROR;
				CLANG_WARN_UNREACHABLE_CODE = YES;
				CLANG_WARN__DUPLICATE_METHOD_MATCH = YES;
				"CODE_SIGN_IDENTITY[sdk=iphoneos*]" = "iPhone Developer";
				COPY_PHASE_STRIP = NO;
				DEBUG_INFORMATION_FORMAT = "dwarf-with-dsym";
				ENABLE_NS_ASSERTIONS = NO;
				ENABLE_STRICT_OBJC_MSGSEND = YES;
				GCC_C_LANGUAGE_STANDARD = gnu99;
				GCC_NO_COMMON_BLOCKS = YES;
				GCC_WARN_64_TO_32_BIT_CONVERSION = YES;
				GCC_WARN_ABOUT_RETURN_TYPE = YES_ERROR;
				GCC_WARN_UNDECLARED_SELECTOR = YES;
				GCC_WARN_UNINITIALIZED_AUTOS = YES_AGGRESSIVE;
				GCC_WARN_UNUSED_FUNCTION = YES;
				GCC_WARN_UNUSED_VARIABLE = YES;
				IPHONEOS_DEPLOYMENT_TARGET = 9.3;
				MTL_ENABLE_DEBUG_INFO = NO;
				SDKROOT = iphoneos;
				VALIDATE_PRODUCT = YES;
			};
			name = Release;
		};
		E5659F2A1CE313510071CD8A /* Debug */ = {
			isa = XCBuildConfiguration;
			baseConfigurationReference = 399FC55DD6091F06726DDF97 /* Pods-HeilambClient.debug.xcconfig */;
			buildSettings = {
				ASSETCATALOG_COMPILER_APPICON_NAME = AppIcon;
				INFOPLIST_FILE = HeilambClient/Info.plist;
				LD_RUNPATH_SEARCH_PATHS = "$(inherited) @executable_path/Frameworks";
				PRODUCT_BUNDLE_IDENTIFIER = DoclerUSA.HeilambClient;
				PRODUCT_NAME = "$(TARGET_NAME)";
			};
			name = Debug;
		};
		E5659F2B1CE313510071CD8A /* Release */ = {
			isa = XCBuildConfiguration;
			baseConfigurationReference = 7AA03D05CE7CF064222FEAAA /* Pods-HeilambClient.release.xcconfig */;
			buildSettings = {
				ASSETCATALOG_COMPILER_APPICON_NAME = AppIcon;
				INFOPLIST_FILE = HeilambClient/Info.plist;
				LD_RUNPATH_SEARCH_PATHS = "$(inherited) @executable_path/Frameworks";
				PRODUCT_BUNDLE_IDENTIFIER = DoclerUSA.HeilambClient;
				PRODUCT_NAME = "$(TARGET_NAME)";
			};
			name = Release;
		};
/* End XCBuildConfiguration section */

/* Begin XCConfigurationList section */
		E5659F121CE313510071CD8A /* Build configuration list for PBXProject "HeilambClient" */ = {
			isa = XCConfigurationList;
			buildConfigurations = (
				E5659F271CE313510071CD8A /* Debug */,
				E5659F281CE313510071CD8A /* Release */,
			);
			defaultConfigurationIsVisible = 0;
			defaultConfigurationName = Release;
		};
		E5659F291CE313510071CD8A /* Build configuration list for PBXNativeTarget "HeilambClient" */ = {
			isa = XCConfigurationList;
			buildConfigurations = (
				E5659F2A1CE313510071CD8A /* Debug */,
				E5659F2B1CE313510071CD8A /* Release */,
			);
			defaultConfigurationIsVisible = 0;
			defaultConfigurationName = Release;
		};
/* End XCConfigurationList section */
	};
	rootObject = E5659F0F1CE313510071CD8A /* Project object */;
}
